
Microsoft Visual Studio Solution File, Format Version 12.00
# Visual Studio 15
VisualStudioVersion = 15.0.26228.4
MinimumVisualStudioVersion = 10.0.40219.1
Project("{FAE04EC0-301F-11D3-BF4B-00C04F79EFBC}") = "DomainLoja", "DomainLoja\DomainLoja.csproj", "{A1450737-289C-4391-8585-2E91C894BBDF}"
EndProject
Project("{FAE04EC0-301F-11D3-BF4B-00C04F79EFBC}") = "DAOLoja", "DAOLoja\DAOLoja.csproj", "{2B9A567C-B214-4CA9-81C3-AD4F3CDD9223}"
EndProject
Project("{FAE04EC0-301F-11D3-BF4B-00C04F79EFBC}") = "GerenciarProduto", "GerenciarProduto\GerenciarProduto.csproj", "{F8D2BBBB-103B-4BC5-8C07-924A2081253E}"
EndProject
Project("{FAE04EC0-301F-11D3-BF4B-00C04F79EFBC}") = "GerenciarPedido", "GerenciarPedido\GerenciarPedido.csproj", "{A612D6A7-1B8E-43C3-8EA5-DCD77C79366B}"
EndProject
Project("{FAE04EC0-301F-11D3-BF4B-00C04F79EFBC}") = "Teste", "Teste\Teste.csproj", "{8687B9A5-38E3-4083-9359-1C5D4E88DEAB}"
	ProjectSection(ProjectDependencies) = postProject
		{A612D6A7-1B8E-43C3-8EA5-DCD77C79366B} = {A612D6A7-1B8E-43C3-8EA5-DCD77C79366B}
		{F8D2BBBB-103B-4BC5-8C07-924A2081253E} = {F8D2BBBB-103B-4BC5-8C07-924A2081253E}
	EndProjectSection
EndProject
Global
	GlobalSection(SolutionConfigurationPlatforms) = preSolution
		Debug|Any CPU = Debug|Any CPU
		Release|Any CPU = Release|Any CPU
	EndGlobalSection
	GlobalSection(ProjectConfigurationPlatforms) = postSolution
		{A1450737-289C-4391-8585-2E91C894BBDF}.Debug|Any CPU.ActiveCfg = Debug|Any CPU
		{A1450737-289C-4391-8585-2E91C894BBDF}.Debug|Any CPU.Build.0 = Debug|Any CPU
		{A1450737-289C-4391-8585-2E91C894BBDF}.Release|Any CPU.ActiveCfg = Release|Any CPU
		{A1450737-289C-4391-8585-2E91C894BBDF}.Release|Any CPU.Build.0 = Release|Any CPU
		{2B9A567C-B214-4CA9-81C3-AD4F3CDD9223}.Debug|Any CPU.ActiveCfg = Debug|Any CPU
		{2B9A567C-B214-4CA9-81C3-AD4F3CDD9223}.Debug|Any CPU.Build.0 = Debug|Any CPU
		{2B9A567C-B214-4CA9-81C3-AD4F3CDD9223}.Release|Any CPU.ActiveCfg = Release|Any CPU
		{2B9A567C-B214-4CA9-81C3-AD4F3CDD9223}.Release|Any CPU.Build.0 = Release|Any CPU
		{F8D2BBBB-103B-4BC5-8C07-924A2081253E}.Debug|Any CPU.ActiveCfg = Debug|Any CPU
		{F8D2BBBB-103B-4BC5-8C07-924A2081253E}.Debug|Any CPU.Build.0 = Debug|Any CPU
		{F8D2BBBB-103B-4BC5-8C07-924A2081253E}.Release|Any CPU.ActiveCfg = Release|Any CPU
		{F8D2BBBB-103B-4BC5-8C07-924A2081253E}.Release|Any CPU.Build.0 = Release|Any CPU
		{A612D6A7-1B8E-43C3-8EA5-DCD77C79366B}.Debug|Any CPU.ActiveCfg = Debug|Any CPU
		{A612D6A7-1B8E-43C3-8EA5-DCD77C79366B}.Debug|Any CPU.Build.0 = Debug|Any CPU
		{A612D6A7-1B8E-43C3-8EA5-DCD77C79366B}.Release|Any CPU.ActiveCfg = Release|Any CPU
		{A612D6A7-1B8E-43C3-8EA5-DCD77C79366B}.Release|Any CPU.Build.0 = Release|Any CPU
		{8687B9A5-38E3-4083-9359-1C5D4E88DEAB}.Debug|Any CPU.ActiveCfg = Debug|Any CPU
		{8687B9A5-38E3-4083-9359-1C5D4E88DEAB}.Debug|Any CPU.Build.0 = Debug|Any CPU
		{8687B9A5-38E3-4083-9359-1C5D4E88DEAB}.Release|Any CPU.ActiveCfg = Release|Any CPU
		{8687B9A5-38E3-4083-9359-1C5D4E88DEAB}.Release|Any CPU.Build.0 = Release|Any CPU
	EndGlobalSection
	GlobalSection(SolutionProperties) = preSolution
		HideSolutionNode = FALSE
	EndGlobalSection
EndGlobal
